// !$*UTF8*$!
{
	archiveVersion = 1;
	classes = {
	};
	objectVersion = 46;
	objects = {

/* Begin PBXBuildFile section */
		DB6E06311BF75691001BCD71 /* AppDelegate.swift in Sources */ = {isa = PBXBuildFile; fileRef = DB6E06301BF75691001BCD71 /* AppDelegate.swift */; };
		DB6E06331BF75691001BCD71 /* ViewController.swift in Sources */ = {isa = PBXBuildFile; fileRef = DB6E06321BF75691001BCD71 /* ViewController.swift */; };
		DB6E06361BF75691001BCD71 /* Main.storyboard in Resources */ = {isa = PBXBuildFile; fileRef = DB6E06341BF75691001BCD71 /* Main.storyboard */; };
		DB6E06381BF75691001BCD71 /* Assets.xcassets in Resources */ = {isa = PBXBuildFile; fileRef = DB6E06371BF75691001BCD71 /* Assets.xcassets */; };
		DB6E063B1BF75691001BCD71 /* LaunchScreen.storyboard in Resources */ = {isa = PBXBuildFile; fileRef = DB6E06391BF75691001BCD71 /* LaunchScreen.storyboard */; };
		DB6E06461BF75691001BCD71 /* MuCareTests.swift in Sources */ = {isa = PBXBuildFile; fileRef = DB6E06451BF75691001BCD71 /* MuCareTests.swift */; };
		DB6E06511BF75691001BCD71 /* MuCareUITests.swift in Sources */ = {isa = PBXBuildFile; fileRef = DB6E06501BF75691001BCD71 /* MuCareUITests.swift */; };
/* End PBXBuildFile section */

/* Begin PBXContainerItemProxy section */
		DB6E06421BF75691001BCD71 /* PBXContainerItemProxy */ = {
			isa = PBXContainerItemProxy;
			containerPortal = DB6E06251BF75691001BCD71 /* Project object */;
			proxyType = 1;
			remoteGlobalIDString = DB6E062C1BF75691001BCD71;
			remoteInfo = MuCare;
		};
		DB6E064D1BF75691001BCD71 /* PBXContainerItemProxy */ = {
			isa = PBXContainerItemProxy;
			containerPortal = DB6E06251BF75691001BCD71 /* Project object */;
			proxyType = 1;
			remoteGlobalIDString = DB6E062C1BF75691001BCD71;
			remoteInfo = MuCare;
		};
/* End PBXContainerItemProxy section */

/* Begin PBXFileReference section */
		DB6E062D1BF75691001BCD71 /* MuCare.app */ = {isa = PBXFileReference; explicitFileType = wrapper.application; includeInIndex = 0; path = MuCare.app; sourceTree = BUILT_PRODUCTS_DIR; };
		DB6E06301BF75691001BCD71 /* AppDelegate.swift */ = {isa = PBXFileReference; lastKnownFileType = sourcecode.swift; path = AppDelegate.swift; sourceTree = "<group>"; };
		DB6E06321BF75691001BCD71 /* ViewController.swift */ = {isa = PBXFileReference; lastKnownFileType = sourcecode.swift; path = ViewController.swift; sourceTree = "<group>"; };
		DB6E06351BF75691001BCD71 /* Base */ = {isa = PBXFileReference; lastKnownFileType = file.storyboard; name = Base; path = Base.lproj/Main.storyboard; sourceTree = "<group>"; };
		DB6E06371BF75691001BCD71 /* Assets.xcassets */ = {isa = PBXFileReference; lastKnownFileType = folder.assetcatalog; path = Assets.xcassets; sourceTree = "<group>"; };
		DB6E063A1BF75691001BCD71 /* Base */ = {isa = PBXFileReference; lastKnownFileType = file.storyboard; name = Base; path = Base.lproj/LaunchScreen.storyboard; sourceTree = "<group>"; };
		DB6E063C1BF75691001BCD71 /* Info.plist */ = {isa = PBXFileReference; lastKnownFileType = text.plist.xml; path = Info.plist; sourceTree = "<group>"; };
		DB6E06411BF75691001BCD71 /* MuCareTests.xctest */ = {isa = PBXFileReference; explicitFileType = wrapper.cfbundle; includeInIndex = 0; path = MuCareTests.xctest; sourceTree = BUILT_PRODUCTS_DIR; };
		DB6E06451BF75691001BCD71 /* MuCareTests.swift */ = {isa = PBXFileReference; lastKnownFileType = sourcecode.swift; path = MuCareTests.swift; sourceTree = "<group>"; };
		DB6E06471BF75691001BCD71 /* Info.plist */ = {isa = PBXFileReference; lastKnownFileType = text.plist.xml; path = Info.plist; sourceTree = "<group>"; };
		DB6E064C1BF75691001BCD71 /* MuCareUITests.xctest */ = {isa = PBXFileReference; explicitFileType = wrapper.cfbundle; includeInIndex = 0; path = MuCareUITests.xctest; sourceTree = BUILT_PRODUCTS_DIR; };
		DB6E06501BF75691001BCD71 /* MuCareUITests.swift */ = {isa = PBXFileReference; lastKnownFileType = sourcecode.swift; path = MuCareUITests.swift; sourceTree = "<group>"; };
		DB6E06521BF75691001BCD71 /* Info.plist */ = {isa = PBXFileReference; lastKnownFileType = text.plist.xml; path = Info.plist; sourceTree = "<group>"; };
/* End PBXFileReference section */

/* Begin PBXFrameworksBuildPhase section */
		DB6E062A1BF75691001BCD71 /* Frameworks */ = {
			isa = PBXFrameworksBuildPhase;
			buildActionMask = 2147483647;
			files = (
			);
			runOnlyForDeploymentPostprocessing = 0;
		};
		DB6E063E1BF75691001BCD71 /* Frameworks */ = {
			isa = PBXFrameworksBuildPhase;
			buildActionMask = 2147483647;
			files = (
			);
			runOnlyForDeploymentPostprocessing = 0;
		};
		DB6E06491BF75691001BCD71 /* Frameworks */ = {
			isa = PBXFrameworksBuildPhase;
			buildActionMask = 2147483647;
			files = (
			);
			runOnlyForDeploymentPostprocessing = 0;
		};
/* End PBXFrameworksBuildPhase section */

/* Begin PBXGroup section */
		DB6E06241BF75691001BCD71 = {
			isa = PBXGroup;
			children = (
				DB6E062F1BF75691001BCD71 /* MuCare */,
				DB6E06441BF75691001BCD71 /* MuCareTests */,
				DB6E064F1BF75691001BCD71 /* MuCareUITests */,
				DB6E062E1BF75691001BCD71 /* Products */,
			);
			sourceTree = "<group>";
		};
		DB6E062E1BF75691001BCD71 /* Products */ = {
			isa = PBXGroup;
			children = (
				DB6E062D1BF75691001BCD71 /* MuCare.app */,
				DB6E06411BF75691001BCD71 /* MuCareTests.xctest */,
				DB6E064C1BF75691001BCD71 /* MuCareUITests.xctest */,
			);
			name = Products;
			sourceTree = "<group>";
		};
		DB6E062F1BF75691001BCD71 /* MuCare */ = {
			isa = PBXGroup;
			children = (
				DB6E06301BF75691001BCD71 /* AppDelegate.swift */,
				DB6E06321BF75691001BCD71 /* ViewController.swift */,
				DB6E06341BF75691001BCD71 /* Main.storyboard */,
				DB6E06371BF75691001BCD71 /* Assets.xcassets */,
				DB6E06391BF75691001BCD71 /* LaunchScreen.storyboard */,
				DB6E063C1BF75691001BCD71 /* Info.plist */,
			);
			path = MuCare;
			sourceTree = "<group>";
		};
		DB6E06441BF75691001BCD71 /* MuCareTests */ = {
			isa = PBXGroup;
			children = (
				DB6E06451BF75691001BCD71 /* MuCareTests.swift */,
				DB6E06471BF75691001BCD71 /* Info.plist */,
			);
			path = MuCareTests;
			sourceTree = "<group>";
		};
		DB6E064F1BF75691001BCD71 /* MuCareUITests */ = {
			isa = PBXGroup;
			children = (
				DB6E06501BF75691001BCD71 /* MuCareUITests.swift */,
				DB6E06521BF75691001BCD71 /* Info.plist */,
			);
			path = MuCareUITests;
			sourceTree = "<group>";
		};
/* End PBXGroup section */

/* Begin PBXNativeTarget section */
		DB6E062C1BF75691001BCD71 /* MuCare */ = {
			isa = PBXNativeTarget;
			buildConfigurationList = DB6E06551BF75691001BCD71 /* Build configuration list for PBXNativeTarget "MuCare" */;
			buildPhases = (
				DB6E06291BF75691001BCD71 /* Sources */,
				DB6E062A1BF75691001BCD71 /* Frameworks */,
				DB6E062B1BF75691001BCD71 /* Resources */,
			);
			buildRules = (
			);
			dependencies = (
			);
			name = MuCare;
			productName = MuCare;
			productReference = DB6E062D1BF75691001BCD71 /* MuCare.app */;
			productType = "com.apple.product-type.application";
		};
		DB6E06401BF75691001BCD71 /* MuCareTests */ = {
			isa = PBXNativeTarget;
			buildConfigurationList = DB6E06581BF75691001BCD71 /* Build configuration list for PBXNativeTarget "MuCareTests" */;
			buildPhases = (
				DB6E063D1BF75691001BCD71 /* Sources */,
				DB6E063E1BF75691001BCD71 /* Frameworks */,
				DB6E063F1BF75691001BCD71 /* Resources */,
			);
			buildRules = (
			);
			dependencies = (
				DB6E06431BF75691001BCD71 /* PBXTargetDependency */,
			);
			name = MuCareTests;
			productName = MuCareTests;
			productReference = DB6E06411BF75691001BCD71 /* MuCareTests.xctest */;
			productType = "com.apple.product-type.bundle.unit-test";
		};
		DB6E064B1BF75691001BCD71 /* MuCareUITests */ = {
			isa = PBXNativeTarget;
			buildConfigurationList = DB6E065B1BF75691001BCD71 /* Build configuration list for PBXNativeTarget "MuCareUITests" */;
			buildPhases = (
				DB6E06481BF75691001BCD71 /* Sources */,
				DB6E06491BF75691001BCD71 /* Frameworks */,
				DB6E064A1BF75691001BCD71 /* Resources */,
			);
			buildRules = (
			);
			dependencies = (
				DB6E064E1BF75691001BCD71 /* PBXTargetDependency */,
			);
			name = MuCareUITests;
			productName = MuCareUITests;
			productReference = DB6E064C1BF75691001BCD71 /* MuCareUITests.xctest */;
			productType = "com.apple.product-type.bundle.ui-testing";
		};
/* End PBXNativeTarget section */

/* Begin PBXProject section */
		DB6E06251BF75691001BCD71 /* Project object */ = {
			isa = PBXProject;
			attributes = {
				LastSwiftUpdateCheck = 0710;
				LastUpgradeCheck = 0710;
				ORGANIZATIONNAME = ATPL;
				TargetAttributes = {
					DB6E062C1BF75691001BCD71 = {
						CreatedOnToolsVersion = 7.1;
					};
					DB6E06401BF75691001BCD71 = {
						CreatedOnToolsVersion = 7.1;
						TestTargetID = DB6E062C1BF75691001BCD71;
					};
					DB6E064B1BF75691001BCD71 = {
						CreatedOnToolsVersion = 7.1;
						TestTargetID = DB6E062C1BF75691001BCD71;
					};
				};
			};
			buildConfigurationList = DB6E06281BF75691001BCD71 /* Build configuration list for PBXProject "MuCare" */;
			compatibilityVersion = "Xcode 3.2";
			developmentRegion = English;
			hasScannedForEncodings = 0;
			knownRegions = (
				en,
				Base,
			);
			mainGroup = DB6E06241BF75691001BCD71;
			productRefGroup = DB6E062E1BF75691001BCD71 /* Products */;
			projectDirPath = "";
			projectRoot = "";
			targets = (
				DB6E062C1BF75691001BCD71 /* MuCare */,
				DB6E06401BF75691001BCD71 /* MuCareTests */,
				DB6E064B1BF75691001BCD71 /* MuCareUITests */,
			);
		};
/* End PBXProject section */

/* Begin PBXResourcesBuildPhase section */
		DB6E062B1BF75691001BCD71 /* Resources */ = {
			isa = PBXResourcesBuildPhase;
			buildActionMask = 2147483647;
			files = (
				DB6E063B1BF75691001BCD71 /* LaunchScreen.storyboard in Resources */,
				DB6E06381BF75691001BCD71 /* Assets.xcassets in Resources */,
				DB6E06361BF75691001BCD71 /* Main.storyboard in Resources */,
			);
			runOnlyForDeploymentPostprocessing = 0;
		};
		DB6E063F1BF75691001BCD71 /* Resources */ = {
			isa = PBXResourcesBuildPhase;
			buildActionMask = 2147483647;
			files = (
			);
			runOnlyForDeploymentPostprocessing = 0;
		};
		DB6E064A1BF75691001BCD71 /* Resources */ = {
			isa = PBXResourcesBuildPhase;
			buildActionMask = 2147483647;
			files = (
			);
			runOnlyForDeploymentPostprocessing = 0;
		};
/* End PBXResourcesBuildPhase section */

/* Begin PBXSourcesBuildPhase section */
		DB6E06291BF75691001BCD71 /* Sources */ = {
			isa = PBXSourcesBuildPhase;
			buildActionMask = 2147483647;
			files = (
				DB6E06331BF75691001BCD71 /* ViewController.swift in Sources */,
				DB6E06311BF75691001BCD71 /* AppDelegate.swift in Sources */,
			);
			runOnlyForDeploymentPostprocessing = 0;
		};
		DB6E063D1BF75691001BCD71 /* Sources */ = {
			isa = PBXSourcesBuildPhase;
			buildActionMask = 2147483647;
			files = (
				DB6E06461BF75691001BCD71 /* MuCareTests.swift in Sources */,
			);
			runOnlyForDeploymentPostprocessing = 0;
		};
		DB6E06481BF75691001BCD71 /* Sources */ = {
			isa = PBXSourcesBuildPhase;
			buildActionMask = 2147483647;
			files = (
				DB6E06511BF75691001BCD71 /* MuCareUITests.swift in Sources */,
			);
			runOnlyForDeploymentPostprocessing = 0;
		};
/* End PBXSourcesBuildPhase section */

/* Begin PBXTargetDependency section */
		DB6E06431BF75691001BCD71 /* PBXTargetDependency */ = {
			isa = PBXTargetDependency;
			target = DB6E062C1BF75691001BCD71 /* MuCare */;
			targetProxy = DB6E06421BF75691001BCD71 /* PBXContainerItemProxy */;
		};
		DB6E064E1BF75691001BCD71 /* PBXTargetDependency */ = {
			isa = PBXTargetDependency;
			target = DB6E062C1BF75691001BCD71 /* MuCare */;
			targetProxy = DB6E064D1BF75691001BCD71 /* PBXContainerItemProxy */;
		};
/* End PBXTargetDependency section */

/* Begin PBXVariantGroup section */
		DB6E06341BF75691001BCD71 /* Main.storyboard */ = {
			isa = PBXVariantGroup;
			children = (
				DB6E06351BF75691001BCD71 /* Base */,
			);
			name = Main.storyboard;
			sourceTree = "<group>";
		};
		DB6E06391BF75691001BCD71 /* LaunchScreen.storyboard */ = {
			isa = PBXVariantGroup;
			children = (
				DB6E063A1BF75691001BCD71 /* Base */,
			);
			name = LaunchScreen.storyboard;
			sourceTree = "<group>";
		};
/* End PBXVariantGroup section */

/* Begin XCBuildConfiguration section */
		DB6E06531BF75691001BCD71 /* Debug */ = {
			isa = XCBuildConfiguration;
			buildSettings = {
				ALWAYS_SEARCH_USER_PATHS = NO;
				CLANG_CXX_LANGUAGE_STANDARD = "gnu++0x";
				CLANG_CXX_LIBRARY = "libc++";
				CLANG_ENABLE_MODULES = YES;
				CLANG_ENABLE_OBJC_ARC = YES;
				CLANG_WARN_BOOL_CONVERSION = YES;
				CLANG_WARN_CONSTANT_CONVERSION = YES;
				CLANG_WARN_DIRECT_OBJC_ISA_USAGE = YES_ERROR;
				CLANG_WARN_EMPTY_BODY = YES;
				CLANG_WARN_ENUM_CONVERSION = YES;
				CLANG_WARN_INT_CONVERSION = YES;
				CLANG_WARN_OBJC_ROOT_CLASS = YES_ERROR;
				CLANG_WARN_UNREACHABLE_CODE = YES;
				CLANG_WARN__DUPLICATE_METHOD_MATCH = YES;
				"CODE_SIGN_IDENTITY[sdk=iphoneos*]" = "iPhone Developer";
				COPY_PHASE_STRIP = NO;
				DEBUG_INFORMATION_FORMAT = dwarf;
				ENABLE_STRICT_OBJC_MSGSEND = YES;
				ENABLE_TESTABILITY = YES;
				GCC_C_LANGUAGE_STANDARD = gnu99;
				GCC_DYNAMIC_NO_PIC = NO;
				GCC_NO_COMMON_BLOCKS = YES;
				GCC_OPTIMIZATION_LEVEL = 0;
				GCC_PREPROCESSOR_DEFINITIONS = (
					"DEBUG=1",
					"$(inherited)",
				);
				GCC_WARN_64_TO_32_BIT_CONVERSION = YES;
				GCC_WARN_ABOUT_RETURN_TYPE = YES_ERROR;
				GCC_WARN_UNDECLARED_SELECTOR = YES;
				GCC_WARN_UNINITIALIZED_AUTOS = YES_AGGRESSIVE;
				GCC_WARN_UNUSED_FUNCTION = YES;
				GCC_WARN_UNUSED_VARIABLE = YES;
				IPHONEOS_DEPLOYMENT_TARGET = 9.1;
				MTL_ENABLE_DEBUG_INFO = YES;
				ONLY_ACTIVE_ARCH = YES;
				SDKROOT = iphoneos;
				SWIFT_OPTIMIZATION_LEVEL = "-Onone";
			};
			name = Debug;
		};
		DB6E06541BF75691001BCD71 /* Release */ = {
			isa = XCBuildConfiguration;
			buildSettings = {
				ALWAYS_SEARCH_USER_PATHS = NO;
				CLANG_CXX_LANGUAGE_STANDARD = "gnu++0x";
				CLANG_CXX_LIBRARY = "libc++";
				CLANG_ENABLE_MODULES = YES;
				CLANG_ENABLE_OBJC_ARC = YES;
				CLANG_WARN_BOOL_CONVERSION = YES;
				CLANG_WARN_CONSTANT_CONVERSION = YES;
				CLANG_WARN_DIRECT_OBJC_ISA_USAGE = YES_ERROR;
				CLANG_WARN_EMPTY_BODY = YES;
				CLANG_WARN_ENUM_CONVERSION = YES;
				CLANG_WARN_INT_CONVERSION = YES;
				CLANG_WARN_OBJC_ROOT_CLASS = YES_ERROR;
				CLANG_WARN_UNREACHABLE_CODE = YES;
				CLANG_WARN__DUPLICATE_METHOD_MATCH = YES;
				"CODE_SIGN_IDENTITY[sdk=iphoneos*]" = "iPhone Developer";
				COPY_PHASE_STRIP = NO;
				DEBUG_INFORMATION_FORMAT = "dwarf-with-dsym";
				ENABLE_NS_ASSERTIONS = NO;
				ENABLE_STRICT_OBJC_MSGSEND = YES;
				GCC_C_LANGUAGE_STANDARD = gnu99;
				GCC_NO_COMMON_BLOCKS = YES;
				GCC_WARN_64_TO_32_BIT_CONVERSION = YES;
				GCC_WARN_ABOUT_RETURN_TYPE = YES_ERROR;
				GCC_WARN_UNDECLARED_SELECTOR = YES;
				GCC_WARN_UNINITIALIZED_AUTOS = YES_AGGRESSIVE;
				GCC_WARN_UNUSED_FUNCTION = YES;
				GCC_WARN_UNUSED_VARIABLE = YES;
				IPHONEOS_DEPLOYMENT_TARGET = 9.1;
				MTL_ENABLE_DEBUG_INFO = NO;
				SDKROOT = iphoneos;
				VALIDATE_PRODUCT = YES;
			};
			name = Release;
		};
		DB6E06561BF75691001BCD71 /* Debug */ = {
			isa = XCBuildConfiguration;
			buildSettings = {
				ASSETCATALOG_COMPILER_APPICON_NAME = AppIcon;
				INFOPLIST_FILE = MuCare/Info.plist;
				LD_RUNPATH_SEARCH_PATHS = "$(inherited) @executable_path/Frameworks";
				PRODUCT_BUNDLE_IDENTIFIER = cc.ATPL.MuCare;
				PRODUCT_NAME = "$(TARGET_NAME)";
			};
			name = Debug;
		};
		DB6E06571BF75691001BCD71 /* Release */ = {
			isa = XCBuildConfiguration;
			buildSettings = {
				ASSETCATALOG_COMPILER_APPICON_NAME = AppIcon;
				INFOPLIST_FILE = MuCare/Info.plist;
				LD_RUNPATH_SEARCH_PATHS = "$(inherited) @executable_path/Frameworks";
				PRODUCT_BUNDLE_IDENTIFIER = cc.ATPL.MuCare;
				PRODUCT_NAME = "$(TARGET_NAME)";
			};
			name = Release;
		};
		DB6E06591BF75691001BCD71 /* Debug */ = {
			isa = XCBuildConfiguration;
			buildSettings = {
				BUNDLE_LOADER = "$(TEST_HOST)";
				INFOPLIST_FILE = MuCareTests/Info.plist;
				LD_RUNPATH_SEARCH_PATHS = "$(inherited) @executable_path/Frameworks @loader_path/Frameworks";
				PRODUCT_BUNDLE_IDENTIFIER = cc.ATPL.MuCareTests;
				PRODUCT_NAME = "$(TARGET_NAME)";
				TEST_HOST = "$(BUILT_PRODUCTS_DIR)/MuCare.app/MuCare";
			};
			name = Debug;
		};
		DB6E065A1BF75691001BCD71 /* Release */ = {
			isa = XCBuildConfiguration;
			buildSettings = {
				BUNDLE_LOADER = "$(TEST_HOST)";
				INFOPLIST_FILE = MuCareTests/Info.plist;
				LD_RUNPATH_SEARCH_PATHS = "$(inherited) @executable_path/Frameworks @loader_path/Frameworks";
				PRODUCT_BUNDLE_IDENTIFIER = cc.ATPL.MuCareTests;
				PRODUCT_NAME = "$(TARGET_NAME)";
				TEST_HOST = "$(BUILT_PRODUCTS_DIR)/MuCare.app/MuCare";
			};
			name = Release;
		};
		DB6E065C1BF75691001BCD71 /* Debug */ = {
			isa = XCBuildConfiguration;
			buildSettings = {
				INFOPLIST_FILE = MuCareUITests/Info.plist;
				LD_RUNPATH_SEARCH_PATHS = "$(inherited) @executable_path/Frameworks @loader_path/Frameworks";
				PRODUCT_BUNDLE_IDENTIFIER = cc.ATPL.MuCareUITests;
				PRODUCT_NAME = "$(TARGET_NAME)";
				TEST_TARGET_NAME = MuCare;
				USES_XCTRUNNER = YES;
			};
			name = Debug;
		};
		DB6E065D1BF75691001BCD71 /* Release */ = {
			isa = XCBuildConfiguration;
			buildSettings = {
				INFOPLIST_FILE = MuCareUITests/Info.plist;
				LD_RUNPATH_SEARCH_PATHS = "$(inherited) @executable_path/Frameworks @loader_path/Frameworks";
				PRODUCT_BUNDLE_IDENTIFIER = cc.ATPL.MuCareUITests;
				PRODUCT_NAME = "$(TARGET_NAME)";
				TEST_TARGET_NAME = MuCare;
				USES_XCTRUNNER = YES;
			};
			name = Release;
		};
/* End XCBuildConfiguration section */

/* Begin XCConfigurationList section */
		DB6E06281BF75691001BCD71 /* Build configuration list for PBXProject "MuCare" */ = {
			isa = XCConfigurationList;
			buildConfigurations = (
				DB6E06531BF75691001BCD71 /* Debug */,
				DB6E06541BF75691001BCD71 /* Release */,
			);
			defaultConfigurationIsVisible = 0;
			defaultConfigurationName = Release;
		};
		DB6E06551BF75691001BCD71 /* Build configuration list for PBXNativeTarget "MuCare" */ = {
			isa = XCConfigurationList;
			buildConfigurations = (
				DB6E06561BF75691001BCD71 /* Debug */,
				DB6E06571BF75691001BCD71 /* Release */,
			);
			defaultConfigurationIsVisible = 0;
		};
		DB6E06581BF75691001BCD71 /* Build configuration list for PBXNativeTarget "MuCareTests" */ = {
			isa = XCConfigurationList;
			buildConfigurations = (
				DB6E06591BF75691001BCD71 /* Debug */,
				DB6E065A1BF75691001BCD71 /* Release */,
			);
			defaultConfigurationIsVisible = 0;
		};
		DB6E065B1BF75691001BCD71 /* Build configuration list for PBXNativeTarget "MuCareUITests" */ = {
			isa = XCConfigurationList;
			buildConfigurations = (
				DB6E065C1BF75691001BCD71 /* Debug */,
				DB6E065D1BF75691001BCD71 /* Release */,
			);
			defaultConfigurationIsVisible = 0;
		};
/* End XCConfigurationList section */
	};
	rootObject = DB6E06251BF75691001BCD71 /* Project object */;
}
